<?xml version="1.0" encoding="utf-8"?>
<Project ToolsVersion="4.0" xmlns="http://schemas.microsoft.com/developer/msbuild/2003">
  <ItemGroup>
    <ClCompile Include="EngineDebug.cpp">
      <Filter>Debug</Filter>
    </ClCompile>
    <ClCompile Include="EngineString.cpp">
      <Filter>String</Filter>
    </ClCompile>
    <ClCompile Include="EngineMath.cpp">
      <Filter>Math</Filter>
    </ClCompile>
    <ClCompile Include="EngineTime.cpp">
      <Filter>Time</Filter>
    </ClCompile>
    <ClCompile Include="Transform.cpp">
      <Filter>Math</Filter>
    </ClCompile>
    <ClCompile Include="EngineDirectory.cpp">
      <Filter>IO</Filter>
    </ClCompile>
    <ClCompile Include="EngineFile.cpp">
      <Filter>IO</Filter>
    </ClCompile>
    <ClCompile Include="EnginePath.cpp">
      <Filter>IO</Filter>
    </ClCompile>
    <ClCompile Include="NameObject.cpp">
      <Filter>Object</Filter>
    </ClCompile>
    <ClCompile Include="PathObject.cpp">
      <Filter>Object</Filter>
    </ClCompile>
    <ClCompile Include="EngineSerializer.cpp">
      <Filter>IO</Filter>
    </ClCompile>
    <ClCompile Include="EngineRandom.cpp">
      <Filter>Math</Filter>
    </ClCompile>
  </ItemGroup>
  <ItemGroup>
    <ClInclude Include="EngineDebug.h">
      <Filter>Debug</Filter>
    </ClInclude>
    <ClInclude Include="EngineString.h">
      <Filter>String</Filter>
    </ClInclude>
    <ClInclude Include="EngineMath.h">
      <Filter>Math</Filter>
    </ClInclude>
    <ClInclude Include="EngineTime.h">
      <Filter>Time</Filter>
    </ClInclude>
    <ClInclude Include="Transform.h">
      <Filter>Math</Filter>
    </ClInclude>
    <ClInclude Include="EnginePath.h">
      <Filter>IO</Filter>
    </ClInclude>
    <ClInclude Include="EngineDirectory.h">
      <Filter>IO</Filter>
    </ClInclude>
    <ClInclude Include="EngineFile.h">
      <Filter>IO</Filter>
    </ClInclude>
    <ClInclude Include="PathObject.h">
      <Filter>Object</Filter>
    </ClInclude>
    <ClInclude Include="NameObject.h">
      <Filter>Object</Filter>
    </ClInclude>
    <ClInclude Include="EngineSerializer.h">
      <Filter>IO</Filter>
    </ClInclude>
    <ClInclude Include="EngineRandom.h">
      <Filter>Math</Filter>
    </ClInclude>
  </ItemGroup>
  <ItemGroup>
    <Filter Include="Debug">
      <UniqueIdentifier>{bd2d7a1a-1228-4e47-b9ed-99f6a0ec12b0}</UniqueIdentifier>
    </Filter>
    <Filter Include="String">
      <UniqueIdentifier>{8c035262-49b8-407c-9b9d-8eef0c7cf2f2}</UniqueIdentifier>
    </Filter>
    <Filter Include="Math">
      <UniqueIdentifier>{c86584cc-c320-4e70-a517-4e6456bb1ab2}</UniqueIdentifier>
    </Filter>
    <Filter Include="Time">
      <UniqueIdentifier>{281244ed-d681-48e1-bc76-9dfede2a3af2}</UniqueIdentifier>
    </Filter>
    <Filter Include="IO">
      <UniqueIdentifier>{63fce7cf-dc52-42de-bd25-3e8cb4f78268}</UniqueIdentifier>
    </Filter>
    <Filter Include="Object">
      <UniqueIdentifier>{552f1514-2a6e-4e06-863a-470cbab27de9}</UniqueIdentifier>
    </Filter>
  </ItemGroup>
  <ItemGroup>
    <None Include="ClassDiagram.cd" />
  </ItemGroup>
</Project>